<?xml version="1.0" encoding="utf-8"?>
<Project ToolsVersion="4.0" xmlns="http://schemas.microsoft.com/developer/msbuild/2003">
  <ItemGroup>
    <Filter Include="Source Files">
      <UniqueIdentifier>{4FC737F1-C7A5-4376-A066-2A32D752A2FF}</UniqueIdentifier>
      <Extensions>cpp;c;cc;cxx;c++;cppm;ixx;def;odl;idl;hpj;bat;asm;asmx</Extensions>
    </Filter>
    <Filter Include="Header Files">
      <UniqueIdentifier>{93995380-89BD-4b04-88EB-625FBE52EBFB}</UniqueIdentifier>
      <Extensions>h;hh;hpp;hxx;h++;hm;inl;inc;ipp;xsd</Extensions>
    </Filter>
    <Filter Include="Resource Files">
      <UniqueIdentifier>{67DA6AB6-F800-4c08-8B7A-83BB121AAD01}</UniqueIdentifier>
      <Extensions>rc;ico;cur;bmp;dlg;rc2;rct;bin;rgs;gif;jpg;jpeg;jpe;resx;tiff;tif;png;wav;mfcribbon-ms</Extensions>
    </Filter>
    <Filter Include="Shaders">
      <UniqueIdentifier>{a2117124-1d6c-4e8a-922b-2830bf44d6f3}</UniqueIdentifier>
    </Filter>
    <Filter Include="Shaders\OpenGL">
      <UniqueIdentifier>{1007c3df-612b-4d93-827a-6f17db2d080a}</UniqueIdentifier>
    </Filter>
    <Filter Include="Header Files\OpenGL">
      <UniqueIdentifier>{6f4fd0c8-673c-417e-8e05-acfca45587da}</UniqueIdentifier>
    </Filter>
    <Filter Include="Header Files\Interfaces">
      <UniqueIdentifier>{ca2dca23-cab1-4392-b8d9-c2b668b40e40}</UniqueIdentifier>
    </Filter>
    <Filter Include="Source Files\OpenGL">
      <UniqueIdentifier>{30bf6b0a-c42d-4efb-8872-032abddfc491}</UniqueIdentifier>
    </Filter>
    <Filter Include="Header Files\GUI">
      <UniqueIdentifier>{6b770d15-12bc-4639-9baf-f30f8c1a9c4f}</UniqueIdentifier>
    </Filter>
    <Filter Include="Source Files\GUI">
      <UniqueIdentifier>{9bd5ac95-6a5f-4137-91d2-553fd507f9e6}</UniqueIdentifier>
    </Filter>
    <Filter Include="Header Files\GUI\Base">
      <UniqueIdentifier>{6bbf5bb0-61ac-4894-9b96-2a6e36e77adb}</UniqueIdentifier>
    </Filter>
    <Filter Include="Header Files\GUI\Windows">
      <UniqueIdentifier>{8556d72b-fc4a-4f30-b75e-548867efe215}</UniqueIdentifier>
    </Filter>
    <Filter Include="Source Files\GUI\Base">
      <UniqueIdentifier>{5f31a548-77ad-4d09-842b-1497cb79a1fd}</UniqueIdentifier>
    </Filter>
    <Filter Include="Source Files\GUI\Windows">
      <UniqueIdentifier>{e2fa3d9d-7c7b-4d78-a5de-b558cc51d636}</UniqueIdentifier>
    </Filter>
    <Filter Include="Header Files\Rendering">
      <UniqueIdentifier>{b9e69def-5c36-4d26-9236-bb9006375190}</UniqueIdentifier>
    </Filter>
    <Filter Include="Source Files\Components">
      <UniqueIdentifier>{ed1ab2b3-0b64-40a0-a3b2-c02816dfc6a4}</UniqueIdentifier>
    </Filter>
    <Filter Include="Header Files\Entities">
      <UniqueIdentifier>{7b421a64-e9f9-4172-acac-ce7278c77b18}</UniqueIdentifier>
    </Filter>
    <Filter Include="Header Files\Components">
      <UniqueIdentifier>{f153bec5-81ae-4d92-9450-2df6333704a5}</UniqueIdentifier>
    </Filter>
    <Filter Include="Source Files\Entities">
      <UniqueIdentifier>{3b3291ec-3f20-4fe7-a2ac-f2f0762d99ef}</UniqueIdentifier>
    </Filter>
  </ItemGroup>
  <ItemGroup>
    <ClInclude Include="inc\framework.h">
      <Filter>Header Files</Filter>
    </ClInclude>
    <ClInclude Include="inc\logger.h">
      <Filter>Header Files</Filter>
    </ClInclude>
    <ClInclude Include="inc\core.h">
      <Filter>Header Files</Filter>
    </ClInclude>
    <ClInclude Include="inc\enums.h">
      <Filter>Header Files</Filter>
    </ClInclude>
    <ClInclude Include="inc\color.h">
      <Filter>Header Files</Filter>
    </ClInclude>
    <ClInclude Include="inc\opengl\camera.h">
      <Filter>Header Files\OpenGL</Filter>
    </ClInclude>
    <ClInclude Include="inc\opengl\gl_context.h">
      <Filter>Header Files\OpenGL</Filter>
    </ClInclude>
    <ClInclude Include="inc\opengl\gl_mesh.h">
      <Filter>Header Files\OpenGL</Filter>
    </ClInclude>
    <ClInclude Include="inc\opengl\gl_shader.h">
      <Filter>Header Files\OpenGL</Filter>
    </ClInclude>
    <ClInclude Include="inc\opengl\gl_window.h">
      <Filter>Header Files\OpenGL</Filter>
    </ClInclude>
    <ClInclude Include="inc\interfaces\igraphics_window.h">
      <Filter>Header Files\Interfaces</Filter>
    </ClInclude>
    <ClInclude Include="inc\interfaces\igraphics_context.h">
      <Filter>Header Files\Interfaces</Filter>
    </ClInclude>
    <ClInclude Include="inc\interfaces\imesh.h">
      <Filter>Header Files\Interfaces</Filter>
    </ClInclude>
    <ClInclude Include="inc\interfaces\ishader.h">
      <Filter>Header Files\Interfaces</Filter>
    </ClInclude>
    <ClInclude Include="inc\loaders.h">
      <Filter>Header Files</Filter>
    </ClInclude>
    <ClInclude Include="inc\utils.h">
      <Filter>Header Files</Filter>
    </ClInclude>
    <ClInclude Include="inc\opengl\gl_skybox.h">
      <Filter>Header Files\OpenGL</Filter>
    </ClInclude>
    <ClInclude Include="inc\gui_utils.h">
      <Filter>Header Files</Filter>
    </ClInclude>
    <ClInclude Include="inc\render_profiler.h">
      <Filter>Header Files</Filter>
    </ClInclude>
    <ClInclude Include="inc\resource_manager.h">
      <Filter>Header Files</Filter>
    </ClInclude>
    <ClInclude Include="inc\gui\base\gui_object_base.h">
      <Filter>Header Files\GUI\Base</Filter>
    </ClInclude>
    <ClInclude Include="inc\gui\base\gui_window_base.h">
      <Filter>Header Files\GUI\Base</Filter>
    </ClInclude>
    <ClInclude Include="inc\gui\windows\gui_window_stats.h">
      <Filter>Header Files\GUI\Windows</Filter>
    </ClInclude>
    <ClInclude Include="inc\rendering\light.h">
      <Filter>Header Files\Rendering</Filter>
    </ClInclude>
    <ClInclude Include="inc\rendering\material.h">
      <Filter>Header Files\Rendering</Filter>
    </ClInclude>
    <ClInclude Include="inc\interfaces\iresource.h">
      <Filter>Header Files\Interfaces</Filter>
    </ClInclude>
    <ClInclude Include="inc\entities\entity.h">
      <Filter>Header Files\Entities</Filter>
    </ClInclude>
    <ClInclude Include="inc\components\component.h">
      <Filter>Header Files\Components</Filter>
    </ClInclude>
    <ClInclude Include="inc\components\transform.h">
      <Filter>Header Files\Components</Filter>
    </ClInclude>
    <ClInclude Include="inc\components\mesh_renderer.h">
      <Filter>Header Files\Components</Filter>
    </ClInclude>
    <ClInclude Include="inc\entities\mesh_entity.h">
      <Filter>Header Files\Entities</Filter>
    </ClInclude>
    <ClInclude Include="inc\entities\model.h">
      <Filter>Header Files\Entities</Filter>
    </ClInclude>
    <ClInclude Include="inc\gui\windows\gui_menu_bar.h">
      <Filter>Header Files\GUI\Windows</Filter>
    </ClInclude>
    <ClInclude Include="inc\gui\windows\gui_window_left_panel.h">
      <Filter>Header Files\GUI\Windows</Filter>
    </ClInclude>
  </ItemGroup>
  <ItemGroup>
    <ClCompile Include="src\dllmain.cpp">
      <Filter>Source Files</Filter>
    </ClCompile>
    <ClCompile Include="src\logger.cpp">
      <Filter>Source Files</Filter>
    </ClCompile>
    <ClCompile Include="src\core.cpp">
      <Filter>Source Files</Filter>
    </ClCompile>
    <ClCompile Include="src\opengl\gl_context.cpp">
      <Filter>Source Files\OpenGL</Filter>
    </ClCompile>
    <ClCompile Include="src\opengl\gl_mesh.cpp">
      <Filter>Source Files\OpenGL</Filter>
    </ClCompile>
    <ClCompile Include="src\opengl\gl_shader.cpp">
      <Filter>Source Files\OpenGL</Filter>
    </ClCompile>
    <ClCompile Include="src\opengl\gl_window.cpp">
      <Filter>Source Files\OpenGL</Filter>
    </ClCompile>
    <ClCompile Include="src\opengl\camera.cpp">
      <Filter>Source Files\OpenGL</Filter>
    </ClCompile>
    <ClCompile Include="vendor\glad\src\gl.c">
      <Filter>Source Files</Filter>
    </ClCompile>
    <ClCompile Include="src\opengl\model.cpp">
      <Filter>Source Files\OpenGL</Filter>
    </ClCompile>
    <ClCompile Include="src\utils.cpp">
      <Filter>Source Files</Filter>
    </ClCompile>
    <ClCompile Include="src\opengl\gl_skybox.cpp">
      <Filter>Source Files\OpenGL</Filter>
    </ClCompile>
    <ClCompile Include="src\gui_utils.cpp">
      <Filter>Source Files</Filter>
    </ClCompile>
    <ClCompile Include="src\render_profiler.cpp">
      <Filter>Source Files</Filter>
    </ClCompile>
    <ClCompile Include="src\gui\base\gui_object_base.cpp">
      <Filter>Source Files\GUI\Base</Filter>
    </ClCompile>
    <ClCompile Include="src\gui\base\gui_window_base.cpp">
      <Filter>Source Files\GUI\Base</Filter>
    </ClCompile>
    <ClCompile Include="src\gui\windows\gui_window_stats.cpp">
      <Filter>Source Files\GUI\Windows</Filter>
    </ClCompile>
    <ClCompile Include="src\gui\windows\gui_window_left_panel.cpp">
      <Filter>Source Files\GUI\Windows</Filter>
    </ClCompile>
    <ClCompile Include="src\components\component.cpp">
      <Filter>Source Files\Components</Filter>
    </ClCompile>
    <ClCompile Include="src\components\mesh_renderer.cpp">
      <Filter>Source Files\Components</Filter>
    </ClCompile>
    <ClCompile Include="src\entities\entity.cpp">
      <Filter>Source Files\Entities</Filter>
    </ClCompile>
    <ClCompile Include="src\gui\windows\gui_menu_bar.cpp">
      <Filter>Source Files\GUI\Windows</Filter>
    </ClCompile>
  </ItemGroup>
  <ItemGroup>
    <None Include="shaders\glsl\vertex.glsl">
      <Filter>Shaders\OpenGL</Filter>
    </None>
    <None Include="shaders\glsl\fragment.glsl">
      <Filter>Shaders\OpenGL</Filter>
    </None>
    <None Include="shaders\glsl\skybox_frag.glsl">
      <Filter>Shaders\OpenGL</Filter>
    </None>
    <None Include="shaders\glsl\skybox_vert.glsl">
      <Filter>Shaders\OpenGL</Filter>
    </None>
  </ItemGroup>
</Project>