<?xml version="1.0" encoding="utf-8"?>
<Project ToolsVersion="4.0" xmlns="http://schemas.microsoft.com/developer/msbuild/2003">
  <ItemGroup>
    <Filter Include="Source Files">
      <UniqueIdentifier>{4FC737F1-C7A5-4376-A066-2A32D752A2FF}</UniqueIdentifier>
      <Extensions>cpp;c;cc;cxx;c++;cppm;ixx;def;odl;idl;hpj;bat;asm;asmx</Extensions>
    </Filter>
    <Filter Include="Header Files">
      <UniqueIdentifier>{93995380-89BD-4b04-88EB-625FBE52EBFB}</UniqueIdentifier>
      <Extensions>h;hh;hpp;hxx;h++;hm;inl;inc;ipp;xsd</Extensions>
    </Filter>
    <Filter Include="Resource Files">
      <UniqueIdentifier>{67DA6AB6-F800-4c08-8B7A-83BB121AAD01}</UniqueIdentifier>
      <Extensions>rc;ico;cur;bmp;dlg;rc2;rct;bin;rgs;gif;jpg;jpeg;jpe;resx;tiff;tif;png;wav;mfcribbon-ms</Extensions>
    </Filter>
    <Filter Include="Shaders">
      <UniqueIdentifier>{a2117124-1d6c-4e8a-922b-2830bf44d6f3}</UniqueIdentifier>
    </Filter>
    <Filter Include="Shaders\OpenGL">
      <UniqueIdentifier>{1007c3df-612b-4d93-827a-6f17db2d080a}</UniqueIdentifier>
    </Filter>
    <Filter Include="Header Files\OpenGL">
      <UniqueIdentifier>{6f4fd0c8-673c-417e-8e05-acfca45587da}</UniqueIdentifier>
    </Filter>
    <Filter Include="Header Files\Interfaces">
      <UniqueIdentifier>{ca2dca23-cab1-4392-b8d9-c2b668b40e40}</UniqueIdentifier>
    </Filter>
    <Filter Include="Source Files\OpenGL">
      <UniqueIdentifier>{30bf6b0a-c42d-4efb-8872-032abddfc491}</UniqueIdentifier>
    </Filter>
  </ItemGroup>
  <ItemGroup>
    <ClInclude Include="inc\framework.h">
      <Filter>Header Files</Filter>
    </ClInclude>
    <ClInclude Include="inc\logger.h">
      <Filter>Header Files</Filter>
    </ClInclude>
    <ClInclude Include="inc\core.h">
      <Filter>Header Files</Filter>
    </ClInclude>
    <ClInclude Include="inc\enums.h">
      <Filter>Header Files</Filter>
    </ClInclude>
    <ClInclude Include="inc\color.h">
      <Filter>Header Files</Filter>
    </ClInclude>
    <ClInclude Include="inc\transform.h">
      <Filter>Header Files</Filter>
    </ClInclude>
    <ClInclude Include="inc\opengl\camera.h">
      <Filter>Header Files\OpenGL</Filter>
    </ClInclude>
    <ClInclude Include="inc\opengl\gl_context.h">
      <Filter>Header Files\OpenGL</Filter>
    </ClInclude>
    <ClInclude Include="inc\opengl\gl_mesh.h">
      <Filter>Header Files\OpenGL</Filter>
    </ClInclude>
    <ClInclude Include="inc\opengl\gl_shader.h">
      <Filter>Header Files\OpenGL</Filter>
    </ClInclude>
    <ClInclude Include="inc\opengl\gl_window.h">
      <Filter>Header Files\OpenGL</Filter>
    </ClInclude>
    <ClInclude Include="inc\interfaces\igraphics_window.h">
      <Filter>Header Files\Interfaces</Filter>
    </ClInclude>
    <ClInclude Include="inc\interfaces\igraphics_context.h">
      <Filter>Header Files\Interfaces</Filter>
    </ClInclude>
    <ClInclude Include="inc\interfaces\imesh.h">
      <Filter>Header Files\Interfaces</Filter>
    </ClInclude>
    <ClInclude Include="inc\interfaces\ishader.h">
      <Filter>Header Files\Interfaces</Filter>
    </ClInclude>
    <ClInclude Include="inc\loaders.h">
      <Filter>Header Files</Filter>
    </ClInclude>
    <ClInclude Include="inc\opengl\model.h">
      <Filter>Header Files\OpenGL</Filter>
    </ClInclude>
    <ClInclude Include="inc\utils.h">
      <Filter>Header Files</Filter>
    </ClInclude>
    <ClInclude Include="inc\opengl\gl_skybox.h">
      <Filter>Header Files\OpenGL</Filter>
    </ClInclude>
  </ItemGroup>
  <ItemGroup>
    <ClCompile Include="src\dllmain.cpp">
      <Filter>Source Files</Filter>
    </ClCompile>
    <ClCompile Include="src\logger.cpp">
      <Filter>Source Files</Filter>
    </ClCompile>
    <ClCompile Include="src\core.cpp">
      <Filter>Source Files</Filter>
    </ClCompile>
    <ClCompile Include="src\opengl\gl_context.cpp">
      <Filter>Source Files\OpenGL</Filter>
    </ClCompile>
    <ClCompile Include="src\opengl\gl_mesh.cpp">
      <Filter>Source Files\OpenGL</Filter>
    </ClCompile>
    <ClCompile Include="src\opengl\gl_shader.cpp">
      <Filter>Source Files\OpenGL</Filter>
    </ClCompile>
    <ClCompile Include="src\opengl\gl_window.cpp">
      <Filter>Source Files\OpenGL</Filter>
    </ClCompile>
    <ClCompile Include="src\opengl\camera.cpp">
      <Filter>Source Files\OpenGL</Filter>
    </ClCompile>
    <ClCompile Include="vendor\glad\src\gl.c">
      <Filter>Source Files</Filter>
    </ClCompile>
    <ClCompile Include="src\opengl\model.cpp">
      <Filter>Source Files\OpenGL</Filter>
    </ClCompile>
    <ClCompile Include="src\utils.cpp">
      <Filter>Source Files</Filter>
    </ClCompile>
    <ClCompile Include="src\opengl\gl_skybox.cpp">
      <Filter>Source Files\OpenGL</Filter>
    </ClCompile>
  </ItemGroup>
  <ItemGroup>
    <None Include="shaders\glsl\vertex.glsl">
      <Filter>Shaders\OpenGL</Filter>
    </None>
    <None Include="shaders\glsl\fragment.glsl">
      <Filter>Shaders\OpenGL</Filter>
    </None>
    <None Include="shaders\glsl\skybox_frag.glsl">
      <Filter>Shaders\OpenGL</Filter>
    </None>
    <None Include="shaders\glsl\skybox_vert.glsl">
      <Filter>Shaders\OpenGL</Filter>
    </None>
  </ItemGroup>
</Project>